
Microsoft Visual Studio Solution File, Format Version 12.00
# Visual Studio 15
VisualStudioVersion = 15.0.27703.2000
MinimumVisualStudioVersion = 10.0.40219.1
Project("{FAE04EC0-301F-11D3-BF4B-00C04F79EFBC}") = "ClipboardDemo.Android", "ClipboardDemo\ClipboardDemo.Android\ClipboardDemo.Android.csproj", "{5DA99B71-638C-48B9-AD4F-75EB8D6C14E7}"
EndProject
Project("{FAE04EC0-301F-11D3-BF4B-00C04F79EFBC}") = "ClipboardDemo.iOS", "ClipboardDemo\ClipboardDemo.iOS\ClipboardDemo.iOS.csproj", "{E24626B0-8B0A-4931-B3D3-FAB0A806398C}"
EndProject
Project("{FAE04EC0-301F-11D3-BF4B-00C04F79EFBC}") = "ClipboardDemo", "ClipboardDemo\ClipboardDemo\ClipboardDemo.csproj", "{7BFE343F-6922-4B15-9E26-DF6FDBEAA097}"
EndProject
Global
	GlobalSection(SolutionConfigurationPlatforms) = preSolution
		Ad-Hoc|Any CPU = Ad-Hoc|Any CPU
		Ad-Hoc|iPhone = Ad-Hoc|iPhone
		Ad-Hoc|iPhoneSimulator = Ad-Hoc|iPhoneSimulator
		AppStore|Any CPU = AppStore|Any CPU
		AppStore|iPhone = AppStore|iPhone
		AppStore|iPhoneSimulator = AppStore|iPhoneSimulator
		Debug|Any CPU = Debug|Any CPU
		Debug|iPhone = Debug|iPhone
		Debug|iPhoneSimulator = Debug|iPhoneSimulator
		Release|Any CPU = Release|Any CPU
		Release|iPhone = Release|iPhone
		Release|iPhoneSimulator = Release|iPhoneSimulator
	EndGlobalSection
	GlobalSection(ProjectConfigurationPlatforms) = postSolution
		{5DA99B71-638C-48B9-AD4F-75EB8D6C14E7}.Ad-Hoc|Any CPU.ActiveCfg = Release|Any CPU
		{5DA99B71-638C-48B9-AD4F-75EB8D6C14E7}.Ad-Hoc|Any CPU.Build.0 = Release|Any CPU
		{5DA99B71-638C-48B9-AD4F-75EB8D6C14E7}.Ad-Hoc|Any CPU.Deploy.0 = Release|Any CPU
		{5DA99B71-638C-48B9-AD4F-75EB8D6C14E7}.Ad-Hoc|iPhone.ActiveCfg = Release|Any CPU
		{5DA99B71-638C-48B9-AD4F-75EB8D6C14E7}.Ad-Hoc|iPhone.Build.0 = Release|Any CPU
		{5DA99B71-638C-48B9-AD4F-75EB8D6C14E7}.Ad-Hoc|iPhone.Deploy.0 = Release|Any CPU
		{5DA99B71-638C-48B9-AD4F-75EB8D6C14E7}.Ad-Hoc|iPhoneSimulator.ActiveCfg = Release|Any CPU
		{5DA99B71-638C-48B9-AD4F-75EB8D6C14E7}.Ad-Hoc|iPhoneSimulator.Build.0 = Release|Any CPU
		{5DA99B71-638C-48B9-AD4F-75EB8D6C14E7}.Ad-Hoc|iPhoneSimulator.Deploy.0 = Release|Any CPU
		{5DA99B71-638C-48B9-AD4F-75EB8D6C14E7}.AppStore|Any CPU.ActiveCfg = Release|Any CPU
		{5DA99B71-638C-48B9-AD4F-75EB8D6C14E7}.AppStore|Any CPU.Build.0 = Release|Any CPU
		{5DA99B71-638C-48B9-AD4F-75EB8D6C14E7}.AppStore|Any CPU.Deploy.0 = Release|Any CPU
		{5DA99B71-638C-48B9-AD4F-75EB8D6C14E7}.AppStore|iPhone.ActiveCfg = Release|Any CPU
		{5DA99B71-638C-48B9-AD4F-75EB8D6C14E7}.AppStore|iPhone.Build.0 = Release|Any CPU
		{5DA99B71-638C-48B9-AD4F-75EB8D6C14E7}.AppStore|iPhone.Deploy.0 = Release|Any CPU
		{5DA99B71-638C-48B9-AD4F-75EB8D6C14E7}.AppStore|iPhoneSimulator.ActiveCfg = Release|Any CPU
		{5DA99B71-638C-48B9-AD4F-75EB8D6C14E7}.AppStore|iPhoneSimulator.Build.0 = Release|Any CPU
		{5DA99B71-638C-48B9-AD4F-75EB8D6C14E7}.AppStore|iPhoneSimulator.Deploy.0 = Release|Any CPU
		{5DA99B71-638C-48B9-AD4F-75EB8D6C14E7}.Debug|Any CPU.ActiveCfg = Debug|Any CPU
		{5DA99B71-638C-48B9-AD4F-75EB8D6C14E7}.Debug|Any CPU.Build.0 = Debug|Any CPU
		{5DA99B71-638C-48B9-AD4F-75EB8D6C14E7}.Debug|Any CPU.Deploy.0 = Debug|Any CPU
		{5DA99B71-638C-48B9-AD4F-75EB8D6C14E7}.Debug|iPhone.ActiveCfg = Debug|Any CPU
		{5DA99B71-638C-48B9-AD4F-75EB8D6C14E7}.Debug|iPhone.Build.0 = Debug|Any CPU
		{5DA99B71-638C-48B9-AD4F-75EB8D6C14E7}.Debug|iPhone.Deploy.0 = Debug|Any CPU
		{5DA99B71-638C-48B9-AD4F-75EB8D6C14E7}.Debug|iPhoneSimulator.ActiveCfg = Debug|Any CPU
		{5DA99B71-638C-48B9-AD4F-75EB8D6C14E7}.Debug|iPhoneSimulator.Build.0 = Debug|Any CPU
		{5DA99B71-638C-48B9-AD4F-75EB8D6C14E7}.Debug|iPhoneSimulator.Deploy.0 = Debug|Any CPU
		{5DA99B71-638C-48B9-AD4F-75EB8D6C14E7}.Release|Any CPU.ActiveCfg = Release|Any CPU
		{5DA99B71-638C-48B9-AD4F-75EB8D6C14E7}.Release|Any CPU.Build.0 = Release|Any CPU
		{5DA99B71-638C-48B9-AD4F-75EB8D6C14E7}.Release|Any CPU.Deploy.0 = Release|Any CPU
		{5DA99B71-638C-48B9-AD4F-75EB8D6C14E7}.Release|iPhone.ActiveCfg = Release|Any CPU
		{5DA99B71-638C-48B9-AD4F-75EB8D6C14E7}.Release|iPhone.Build.0 = Release|Any CPU
		{5DA99B71-638C-48B9-AD4F-75EB8D6C14E7}.Release|iPhone.Deploy.0 = Release|Any CPU
		{5DA99B71-638C-48B9-AD4F-75EB8D6C14E7}.Release|iPhoneSimulator.ActiveCfg = Release|Any CPU
		{5DA99B71-638C-48B9-AD4F-75EB8D6C14E7}.Release|iPhoneSimulator.Build.0 = Release|Any CPU
		{5DA99B71-638C-48B9-AD4F-75EB8D6C14E7}.Release|iPhoneSimulator.Deploy.0 = Release|Any CPU
		{E24626B0-8B0A-4931-B3D3-FAB0A806398C}.Ad-Hoc|Any CPU.ActiveCfg = Ad-Hoc|iPhone
		{E24626B0-8B0A-4931-B3D3-FAB0A806398C}.Ad-Hoc|Any CPU.Build.0 = Ad-Hoc|iPhone
		{E24626B0-8B0A-4931-B3D3-FAB0A806398C}.Ad-Hoc|Any CPU.Deploy.0 = Ad-Hoc|iPhone
		{E24626B0-8B0A-4931-B3D3-FAB0A806398C}.Ad-Hoc|iPhone.ActiveCfg = Ad-Hoc|iPhone
		{E24626B0-8B0A-4931-B3D3-FAB0A806398C}.Ad-Hoc|iPhone.Build.0 = Ad-Hoc|iPhone
		{E24626B0-8B0A-4931-B3D3-FAB0A806398C}.Ad-Hoc|iPhone.Deploy.0 = Ad-Hoc|iPhone
		{E24626B0-8B0A-4931-B3D3-FAB0A806398C}.Ad-Hoc|iPhoneSimulator.ActiveCfg = Ad-Hoc|iPhoneSimulator
		{E24626B0-8B0A-4931-B3D3-FAB0A806398C}.Ad-Hoc|iPhoneSimulator.Build.0 = Ad-Hoc|iPhoneSimulator
		{E24626B0-8B0A-4931-B3D3-FAB0A806398C}.Ad-Hoc|iPhoneSimulator.Deploy.0 = Ad-Hoc|iPhoneSimulator
		{E24626B0-8B0A-4931-B3D3-FAB0A806398C}.AppStore|Any CPU.ActiveCfg = AppStore|iPhone
		{E24626B0-8B0A-4931-B3D3-FAB0A806398C}.AppStore|Any CPU.Build.0 = AppStore|iPhone
		{E24626B0-8B0A-4931-B3D3-FAB0A806398C}.AppStore|Any CPU.Deploy.0 = AppStore|iPhone
		{E24626B0-8B0A-4931-B3D3-FAB0A806398C}.AppStore|iPhone.ActiveCfg = AppStore|iPhone
		{E24626B0-8B0A-4931-B3D3-FAB0A806398C}.AppStore|iPhone.Build.0 = AppStore|iPhone
		{E24626B0-8B0A-4931-B3D3-FAB0A806398C}.AppStore|iPhone.Deploy.0 = AppStore|iPhone
		{E24626B0-8B0A-4931-B3D3-FAB0A806398C}.AppStore|iPhoneSimulator.ActiveCfg = AppStore|iPhoneSimulator
		{E24626B0-8B0A-4931-B3D3-FAB0A806398C}.AppStore|iPhoneSimulator.Build.0 = AppStore|iPhoneSimulator
		{E24626B0-8B0A-4931-B3D3-FAB0A806398C}.AppStore|iPhoneSimulator.Deploy.0 = AppStore|iPhoneSimulator
		{E24626B0-8B0A-4931-B3D3-FAB0A806398C}.Debug|Any CPU.ActiveCfg = Debug|iPhoneSimulator
		{E24626B0-8B0A-4931-B3D3-FAB0A806398C}.Debug|Any CPU.Build.0 = Debug|iPhoneSimulator
		{E24626B0-8B0A-4931-B3D3-FAB0A806398C}.Debug|Any CPU.Deploy.0 = Debug|iPhoneSimulator
		{E24626B0-8B0A-4931-B3D3-FAB0A806398C}.Debug|iPhone.ActiveCfg = Debug|iPhone
		{E24626B0-8B0A-4931-B3D3-FAB0A806398C}.Debug|iPhone.Build.0 = Debug|iPhone
		{E24626B0-8B0A-4931-B3D3-FAB0A806398C}.Debug|iPhone.Deploy.0 = Debug|iPhone
		{E24626B0-8B0A-4931-B3D3-FAB0A806398C}.Debug|iPhoneSimulator.ActiveCfg = Debug|iPhoneSimulator
		{E24626B0-8B0A-4931-B3D3-FAB0A806398C}.Debug|iPhoneSimulator.Build.0 = Debug|iPhoneSimulator
		{E24626B0-8B0A-4931-B3D3-FAB0A806398C}.Debug|iPhoneSimulator.Deploy.0 = Debug|iPhoneSimulator
		{E24626B0-8B0A-4931-B3D3-FAB0A806398C}.Release|Any CPU.ActiveCfg = Release|iPhone
		{E24626B0-8B0A-4931-B3D3-FAB0A806398C}.Release|Any CPU.Build.0 = Release|iPhone
		{E24626B0-8B0A-4931-B3D3-FAB0A806398C}.Release|Any CPU.Deploy.0 = Release|iPhone
		{E24626B0-8B0A-4931-B3D3-FAB0A806398C}.Release|iPhone.ActiveCfg = Release|iPhone
		{E24626B0-8B0A-4931-B3D3-FAB0A806398C}.Release|iPhone.Build.0 = Release|iPhone
		{E24626B0-8B0A-4931-B3D3-FAB0A806398C}.Release|iPhone.Deploy.0 = Release|iPhone
		{E24626B0-8B0A-4931-B3D3-FAB0A806398C}.Release|iPhoneSimulator.ActiveCfg = Release|iPhoneSimulator
		{E24626B0-8B0A-4931-B3D3-FAB0A806398C}.Release|iPhoneSimulator.Build.0 = Release|iPhoneSimulator
		{E24626B0-8B0A-4931-B3D3-FAB0A806398C}.Release|iPhoneSimulator.Deploy.0 = Release|iPhoneSimulator
		{7BFE343F-6922-4B15-9E26-DF6FDBEAA097}.Ad-Hoc|Any CPU.ActiveCfg = Debug|Any CPU
		{7BFE343F-6922-4B15-9E26-DF6FDBEAA097}.Ad-Hoc|Any CPU.Build.0 = Debug|Any CPU
		{7BFE343F-6922-4B15-9E26-DF6FDBEAA097}.Ad-Hoc|Any CPU.Deploy.0 = Debug|Any CPU
		{7BFE343F-6922-4B15-9E26-DF6FDBEAA097}.Ad-Hoc|iPhone.ActiveCfg = Debug|Any CPU
		{7BFE343F-6922-4B15-9E26-DF6FDBEAA097}.Ad-Hoc|iPhone.Build.0 = Debug|Any CPU
		{7BFE343F-6922-4B15-9E26-DF6FDBEAA097}.Ad-Hoc|iPhone.Deploy.0 = Debug|Any CPU
		{7BFE343F-6922-4B15-9E26-DF6FDBEAA097}.Ad-Hoc|iPhoneSimulator.ActiveCfg = Debug|Any CPU
		{7BFE343F-6922-4B15-9E26-DF6FDBEAA097}.Ad-Hoc|iPhoneSimulator.Build.0 = Debug|Any CPU
		{7BFE343F-6922-4B15-9E26-DF6FDBEAA097}.Ad-Hoc|iPhoneSimulator.Deploy.0 = Debug|Any CPU
		{7BFE343F-6922-4B15-9E26-DF6FDBEAA097}.AppStore|Any CPU.ActiveCfg = Debug|Any CPU
		{7BFE343F-6922-4B15-9E26-DF6FDBEAA097}.AppStore|Any CPU.Build.0 = Debug|Any CPU
		{7BFE343F-6922-4B15-9E26-DF6FDBEAA097}.AppStore|Any CPU.Deploy.0 = Debug|Any CPU
		{7BFE343F-6922-4B15-9E26-DF6FDBEAA097}.AppStore|iPhone.ActiveCfg = Debug|Any CPU
		{7BFE343F-6922-4B15-9E26-DF6FDBEAA097}.AppStore|iPhone.Build.0 = Debug|Any CPU
		{7BFE343F-6922-4B15-9E26-DF6FDBEAA097}.AppStore|iPhone.Deploy.0 = Debug|Any CPU
		{7BFE343F-6922-4B15-9E26-DF6FDBEAA097}.AppStore|iPhoneSimulator.ActiveCfg = Debug|Any CPU
		{7BFE343F-6922-4B15-9E26-DF6FDBEAA097}.AppStore|iPhoneSimulator.Build.0 = Debug|Any CPU
		{7BFE343F-6922-4B15-9E26-DF6FDBEAA097}.AppStore|iPhoneSimulator.Deploy.0 = Debug|Any CPU
		{7BFE343F-6922-4B15-9E26-DF6FDBEAA097}.Debug|Any CPU.ActiveCfg = Debug|Any CPU
		{7BFE343F-6922-4B15-9E26-DF6FDBEAA097}.Debug|Any CPU.Build.0 = Debug|Any CPU
		{7BFE343F-6922-4B15-9E26-DF6FDBEAA097}.Debug|Any CPU.Deploy.0 = Debug|Any CPU
		{7BFE343F-6922-4B15-9E26-DF6FDBEAA097}.Debug|iPhone.ActiveCfg = Debug|Any CPU
		{7BFE343F-6922-4B15-9E26-DF6FDBEAA097}.Debug|iPhone.Build.0 = Debug|Any CPU
		{7BFE343F-6922-4B15-9E26-DF6FDBEAA097}.Debug|iPhone.Deploy.0 = Debug|Any CPU
		{7BFE343F-6922-4B15-9E26-DF6FDBEAA097}.Debug|iPhoneSimulator.ActiveCfg = Debug|Any CPU
		{7BFE343F-6922-4B15-9E26-DF6FDBEAA097}.Debug|iPhoneSimulator.Build.0 = Debug|Any CPU
		{7BFE343F-6922-4B15-9E26-DF6FDBEAA097}.Debug|iPhoneSimulator.Deploy.0 = Debug|Any CPU
		{7BFE343F-6922-4B15-9E26-DF6FDBEAA097}.Release|Any CPU.ActiveCfg = Release|Any CPU
		{7BFE343F-6922-4B15-9E26-DF6FDBEAA097}.Release|Any CPU.Build.0 = Release|Any CPU
		{7BFE343F-6922-4B15-9E26-DF6FDBEAA097}.Release|Any CPU.Deploy.0 = Release|Any CPU
		{7BFE343F-6922-4B15-9E26-DF6FDBEAA097}.Release|iPhone.ActiveCfg = Release|Any CPU
		{7BFE343F-6922-4B15-9E26-DF6FDBEAA097}.Release|iPhone.Build.0 = Release|Any CPU
		{7BFE343F-6922-4B15-9E26-DF6FDBEAA097}.Release|iPhone.Deploy.0 = Release|Any CPU
		{7BFE343F-6922-4B15-9E26-DF6FDBEAA097}.Release|iPhoneSimulator.ActiveCfg = Release|Any CPU
		{7BFE343F-6922-4B15-9E26-DF6FDBEAA097}.Release|iPhoneSimulator.Build.0 = Release|Any CPU
		{7BFE343F-6922-4B15-9E26-DF6FDBEAA097}.Release|iPhoneSimulator.Deploy.0 = Release|Any CPU
	EndGlobalSection
	GlobalSection(SolutionProperties) = preSolution
		HideSolutionNode = FALSE
	EndGlobalSection
	GlobalSection(ExtensibilityGlobals) = postSolution
		SolutionGuid = {B1F4ACCE-B304-451B-94E7-0D2F9AD7C503}
	EndGlobalSection
EndGlobal
